hash: 9947ba503decbbc7a93fbcd852ac9da0be6e131004f733da7a9074e4e18da2c7
updated: 2017-08-24T16:34:32.364867187+02:00
imports:
- name: github.com/aws/aws-sdk-go
  version: 826ec2077453adc020e9836a15fa704de931b4e6
  subpackages:
  - aws
  - aws/awserr
  - aws/awsutil
  - aws/client
  - aws/client/metadata
  - aws/corehandlers
  - aws/credentials
  - aws/credentials/ec2rolecreds
  - aws/credentials/endpointcreds
  - aws/credentials/stscreds
  - aws/defaults
  - aws/ec2metadata
  - aws/endpoints
  - aws/request
  - aws/session
  - aws/signer/v4
  - internal/shareddefaults
  - private/protocol
  - private/protocol/json/jsonutil
  - private/protocol/jsonrpc
  - private/protocol/query
  - private/protocol/query/queryutil
  - private/protocol/rest
  - private/protocol/xml/xmlutil
  - service/ecr
  - service/iam
  - service/sts
- name: github.com/Azure/azure-sdk-for-go
  version: d05c22dc3f9fdd2ec6e3593839fdd44df17f2de5
  subpackages:
  - arm/containerregistry
- name: github.com/Azure/go-autorest
  version: 0c7d3adb1d6992a173eedd673f44698fe2c901be
  subpackages:
  - autorest
  - autorest/azure
  - autorest/date
  - autorest/to
  - autorest/validation
- name: github.com/dgrijalva/jwt-go
  version: a539ee1a749a2b895533f979515ac7e6e0f5b650
- name: github.com/docker/distribution
  version: 5f6282db7d65e6d72ad7c2cc66310724a57be716
  subpackages:
  - digestset
  - reference
- name: github.com/go-ini/ini
  version: c787282c39ac1fc618827141a1f762240def08a3
- name: github.com/jmespath/go-jmespath
  version: bd40a432e4c76585ef6b72d3fd96fb9b6dc7b68d
- name: github.com/opencontainers/go-digest
  version: 279bed98673dd5bef374d3b6e4b09e2af76183bf
- name: github.com/wercker/docker-reg-client
  version: 290be6ffcbe21d8097a4124bb630bbf4a52d9e7e
  subpackages:
  - registry
testImports: []
