hash: a5918973c1b856386955685582081202c34228c2f86e7584ff2cbbbe4a4b996d
updated: 2018-04-04T11:17:38.042457-04:00
imports:
- name: github.com/aws/aws-sdk-go
  version: b72688f15ec0b32551a50dceeeb2bd53f2e0d690
  subpackages:
  - aws
  - aws/awserr
  - aws/awsutil
  - aws/client
  - aws/client/metadata
  - aws/corehandlers
  - aws/credentials
  - aws/credentials/ec2rolecreds
  - aws/credentials/endpointcreds
  - aws/credentials/stscreds
  - aws/defaults
  - aws/ec2metadata
  - aws/endpoints
  - aws/request
  - aws/session
  - aws/signer/v4
  - internal/sdkio
  - internal/sdkrand
  - internal/shareddefaults
  - private/protocol
  - private/protocol/json/jsonutil
  - private/protocol/jsonrpc
  - private/protocol/query
  - private/protocol/query/queryutil
  - private/protocol/rest
  - private/protocol/xml/xmlutil
  - service/ecr
  - service/iam
  - service/sts
- name: github.com/Azure/azure-sdk-for-go
  version: 56332fec5b308fbb6615fa1af6117394cdba186d
  subpackages:
  - services/authorization/mgmt/2015-07-01/authorization
  - services/containerregistry/mgmt/2017-10-01/containerregistry
  - version
- name: github.com/Azure/go-autorest
  version: 90128b0cbed977972cdf104474875758e9fe97d0
  subpackages:
  - autorest
  - autorest/adal
  - autorest/azure
  - autorest/date
  - autorest/to
  - autorest/validation
- name: github.com/dgrijalva/jwt-go
  version: 06ea1031745cb8b3dab3f6a236daf2b0aa468b7e
- name: github.com/docker/distribution
  version: 83389a148052d74ac602f5f1d62f86ff2f3c4aa5
  subpackages:
  - digestset
  - reference
- name: github.com/go-ini/ini
  version: 5e9692864e22d02ac79e2fa499cffb00520b4fea
- name: github.com/jmespath/go-jmespath
  version: c2b33e8439af944379acbdd9c3a5fe0bc44bd8a5
- name: github.com/opencontainers/go-digest
  version: 279bed98673dd5bef374d3b6e4b09e2af76183bf
- name: github.com/wercker/docker-reg-client
  version: 290be6ffcbe21d8097a4124bb630bbf4a52d9e7e
  subpackages:
  - registry
testImports: []
